
Microsoft Visual Studio Solution File, Format Version 12.00
# Visual Studio Version 17
VisualStudioVersion = 17.4.33205.214
MinimumVisualStudioVersion = 10.0.40219.1
Project("{FAE04EC0-301F-11D3-BF4B-00C04F79EFBC}") = "_SortedSet", "_SortedSet\_SortedSet.csproj", "{81B0420B-D259-4AC4-9519-A12E17E18575}"
EndProject
Global
	GlobalSection(SolutionConfigurationPlatforms) = preSolution
		Debug|Any CPU = Debug|Any CPU
		Release|Any CPU = Release|Any CPU
	EndGlobalSection
	GlobalSection(ProjectConfigurationPlatforms) = postSolution
		{81B0420B-D259-4AC4-9519-A12E17E18575}.Debug|Any CPU.ActiveCfg = Debug|Any CPU
		{81B0420B-D259-4AC4-9519-A12E17E18575}.Debug|Any CPU.Build.0 = Debug|Any CPU
		{81B0420B-D259-4AC4-9519-A12E17E18575}.Release|Any CPU.ActiveCfg = Release|Any CPU
		{81B0420B-D259-4AC4-9519-A12E17E18575}.Release|Any CPU.Build.0 = Release|Any CPU
	EndGlobalSection
	GlobalSection(SolutionProperties) = preSolution
		HideSolutionNode = FALSE
	EndGlobalSection
	GlobalSection(ExtensibilityGlobals) = postSolution
		SolutionGuid = {241A1157-636F-4B5A-BC22-B65DCD122BA0}
	EndGlobalSection
EndGlobal
